
Microsoft Visual Studio Solution File, Format Version 12.00
# Visual Studio Version 16
VisualStudioVersion = 16.0.32630.194
MinimumVisualStudioVersion = 10.0.40219.1
Project("{FAE04EC0-301F-11D3-BF4B-00C04F79EFBC}") = "capavista", "capavista\capavista.csproj", "{D978FAFE-BAE1-4002-814F-3482F2824CA7}"
EndProject
Project("{FAE04EC0-301F-11D3-BF4B-00C04F79EFBC}") = "CapaControlador", "CapaControlador\CapaControlador.csproj", "{BE8F24C0-7D0A-4F45-B305-FB3A6E836DBF}"
EndProject
Project("{FAE04EC0-301F-11D3-BF4B-00C04F79EFBC}") = "CapaModelo", "CapaModelo\CapaModelo.csproj", "{8E5FE359-43FF-4FD3-A2F5-DCD7CBAB8592}"
EndProject
Global
	GlobalSection(SolutionConfigurationPlatforms) = preSolution
		Debug|Any CPU = Debug|Any CPU
		Release|Any CPU = Release|Any CPU
	EndGlobalSection
	GlobalSection(ProjectConfigurationPlatforms) = postSolution
		{D978FAFE-BAE1-4002-814F-3482F2824CA7}.Debug|Any CPU.ActiveCfg = Debug|Any CPU
		{D978FAFE-BAE1-4002-814F-3482F2824CA7}.Debug|Any CPU.Build.0 = Debug|Any CPU
		{D978FAFE-BAE1-4002-814F-3482F2824CA7}.Release|Any CPU.ActiveCfg = Release|Any CPU
		{D978FAFE-BAE1-4002-814F-3482F2824CA7}.Release|Any CPU.Build.0 = Release|Any CPU
		{BE8F24C0-7D0A-4F45-B305-FB3A6E836DBF}.Debug|Any CPU.ActiveCfg = Debug|Any CPU
		{BE8F24C0-7D0A-4F45-B305-FB3A6E836DBF}.Debug|Any CPU.Build.0 = Debug|Any CPU
		{BE8F24C0-7D0A-4F45-B305-FB3A6E836DBF}.Release|Any CPU.ActiveCfg = Release|Any CPU
		{BE8F24C0-7D0A-4F45-B305-FB3A6E836DBF}.Release|Any CPU.Build.0 = Release|Any CPU
		{8E5FE359-43FF-4FD3-A2F5-DCD7CBAB8592}.Debug|Any CPU.ActiveCfg = Debug|Any CPU
		{8E5FE359-43FF-4FD3-A2F5-DCD7CBAB8592}.Debug|Any CPU.Build.0 = Debug|Any CPU
		{8E5FE359-43FF-4FD3-A2F5-DCD7CBAB8592}.Release|Any CPU.ActiveCfg = Release|Any CPU
		{8E5FE359-43FF-4FD3-A2F5-DCD7CBAB8592}.Release|Any CPU.Build.0 = Release|Any CPU
	EndGlobalSection
	GlobalSection(SolutionProperties) = preSolution
		HideSolutionNode = FALSE
	EndGlobalSection
	GlobalSection(ExtensibilityGlobals) = postSolution
		SolutionGuid = {466BBBC4-4A72-4D6E-84EB-882D898B86FA}
	EndGlobalSection
EndGlobal
